// !$*UTF8*$!
{
	archiveVersion = 1;
	classes = {
	};
	objectVersion = 77;
	objects = {

/* Begin PBXBuildFile section */
		08DE6F8EECE2C98D49F6D7B7 /* ModelsContentView.swift in Sources */ = {isa = PBXBuildFile; fileRef = 188CA5DE9A579392B40A7C29 /* ModelsContentView.swift */; };
		0D7372BC72E13D835DDF9183 /* WhisperService.swift in Sources */ = {isa = PBXBuildFile; fileRef = 198FDE574456E9797D9A20F1 /* WhisperService.swift */; };
		100E3F070BEF09EFE555049E /* AutoRunProcessor.swift in Sources */ = {isa = PBXBuildFile; fileRef = 1261E0CA3F029D9808EFFDB3 /* AutoRunProcessor.swift */; };
		107202AA66E5A24B8044CDCB /* SettingsManager.swift in Sources */ = {isa = PBXBuildFile; fileRef = 86EFFC973E6F6EBCCBE542B2 /* SettingsManager.swift */; };
		123C74675657E6A0A85C29EA /* TalkieApp.swift in Sources */ = {isa = PBXBuildFile; fileRef = 96107EE13719761E10A69B43 /* TalkieApp.swift */; };
		14939466210DE1AC6840F725 /* MLXLLM in Frameworks */ = {isa = PBXBuildFile; productRef = A513D039239E420AEF986661 /* MLXLLM */; };
		14A7C2FC561959C8A828FDDC /* WorkflowExecutor.swift in Sources */ = {isa = PBXBuildFile; fileRef = 16995DFF4C857FB2F39D5A6D /* WorkflowExecutor.swift */; };
		18BFC22AA188484D69066855 /* WalkieService.swift in Sources */ = {isa = PBXBuildFile; fileRef = 9E0BDB01AEF0D10E1DF33BF9 /* WalkieService.swift */; };
		1FB8A62551054F19EC17F9CC /* PendingActionsView.swift in Sources */ = {isa = PBXBuildFile; fileRef = 7BA25E27FBB0EC7A13D1512A /* PendingActionsView.swift */; };
		208E1A963A41AF33792BD48E /* ParakeetService.swift in Sources */ = {isa = PBXBuildFile; fileRef = 85509A61AE01F31E48968E4C /* ParakeetService.swift */; };
		21E4974954826B0A73D359EE /* EngineClient.swift in Sources */ = {isa = PBXBuildFile; fileRef = DA25EEF7DCAF45948F31E50F /* EngineClient.swift */; };
		273D07BEFF7489090C523780 /* hq-transcribe.twf.json in Resources */ = {isa = PBXBuildFile; fileRef = 85D2B6E936D5B7602394A757 /* hq-transcribe.twf.json */; };
		28170AE6DFC88814B05E789D /* SystemConsoleView.swift in Sources */ = {isa = PBXBuildFile; fileRef = 81C02419279FD35CA12CE5F6 /* SystemConsoleView.swift */; };
		2829621A6E4A01B27CF56E78 /* TalkieServices in Frameworks */ = {isa = PBXBuildFile; productRef = C1A08C4EEECEFCE745BDE5CF /* TalkieServices */; };
		293E1D2532200F54DD168E91 /* brain-dump-processor.twf.json in Resources */ = {isa = PBXBuildFile; fileRef = 537328BE311D38702C0AD174 /* brain-dump-processor.twf.json */; };
		2EB05079BF5431E3929466D9 /* DesignSystem.swift in Sources */ = {isa = PBXBuildFile; fileRef = BC524B439568A21362CB48DF /* DesignSystem.swift */; };
		2EF0B05E2C3D7945DB5F12A3 /* feature-ideation.twf.json in Resources */ = {isa = PBXBuildFile; fileRef = 2EF20435F0C48AA20A8413DD /* feature-ideation.twf.json */; };
		30586490648C90923277B31B /* Assets.xcassets in Resources */ = {isa = PBXBuildFile; fileRef = 2BABB2A599587B53D1C8F8E6 /* Assets.xcassets */; };
		368674694956677B950FE79D /* quick-summary.twf.json in Resources */ = {isa = PBXBuildFile; fileRef = 18602355101D920865B48698 /* quick-summary.twf.json */; };
		38DA1055B96FC547385A5C18 /* TranscriptFileManager.swift in Sources */ = {isa = PBXBuildFile; fileRef = D6B1BD9581941F161C4F64DA /* TranscriptFileManager.swift */; };
		4571BA9327CBE2BA860C1B34 /* CloudKitSyncManager.swift in Sources */ = {isa = PBXBuildFile; fileRef = 2F4634978608C7DEA3DBA3EE /* CloudKitSyncManager.swift */; };
		4A66769A52FA413D5F3C3658 /* TWF_SPEC.md in Resources */ = {isa = PBXBuildFile; fileRef = 337E7F056BBF08EB955AC129 /* TWF_SPEC.md */; };
		4C81B1B6F7050791F5B8BC2C /* GeminiService.swift in Sources */ = {isa = PBXBuildFile; fileRef = DBC57A7E03EC8CAD3BA267D1 /* GeminiService.swift */; };
		531A62F8ED4DB4696FA158E4 /* TWFLoader.swift in Sources */ = {isa = PBXBuildFile; fileRef = 9A6788E8F5EBA42EEA129CAD /* TWFLoader.swift */; };
		5A5438F817916C90E382D61D /* MLXProvider.swift in Sources */ = {isa = PBXBuildFile; fileRef = 1ADA028D69ADAFECFB2C122C /* MLXProvider.swift */; };
		5A8FB727E018EBC503E01329 /* FluidAudio in Frameworks */ = {isa = PBXBuildFile; productRef = E488AD1F887CCD0880A88457 /* FluidAudio */; };
		5C8D73C95973BEDB0418F46A /* AnthropicProvider.swift in Sources */ = {isa = PBXBuildFile; fileRef = AF7DBC6AC45B5F36375DA880 /* AnthropicProvider.swift */; };
		616C1BAAF1AA835E650A9FE0 /* LLMProvider.swift in Sources */ = {isa = PBXBuildFile; fileRef = 36E93046E4E6FE29C1208DB2 /* LLMProvider.swift */; };
		620A624A4D613066B2D420DA /* learning-capture.twf.json in Resources */ = {isa = PBXBuildFile; fileRef = C6DBC6B9A38340269E794917 /* learning-capture.twf.json */; };
		62632BF51E9D4888AF3DBE0C /* hey-talkie.twf.json in Resources */ = {isa = PBXBuildFile; fileRef = 32E77C462AC59A3F8EA0CB18 /* hey-talkie.twf.json */; };
		65A5DE881EB489B936221491 /* PendingActionsManager.swift in Sources */ = {isa = PBXBuildFile; fileRef = AE0AE67F41CAC40AB639773B /* PendingActionsManager.swift */; };
		67A5249D6D764042BF21594F /* WhisperKit in Frameworks */ = {isa = PBXBuildFile; productRef = 5B04794D0A69D5A12F9DBAD8 /* WhisperKit */; };
		68ABD296200A0268C0DA4BCE /* TalkieWorkflowConverter.swift in Sources */ = {isa = PBXBuildFile; fileRef = D85A0837C13946E87E3AD880 /* TalkieWorkflowConverter.swift */; };
		694FB95D3C8FBDE6C5468854 /* WorkflowViews.swift in Sources */ = {isa = PBXBuildFile; fileRef = 7D622DF99A06064E75BE6360 /* WorkflowViews.swift */; };
		6EAEE8C2BDB5B9031E6830FA /* OpenAIProvider.swift in Sources */ = {isa = PBXBuildFile; fileRef = B98D56A7AE26D6931EB54118 /* OpenAIProvider.swift */; };
		7624A647A75D53ED60919D8B /* ModelsCatalog.swift in Sources */ = {isa = PBXBuildFile; fileRef = F97B787DA81F0C4BA4A818D5 /* ModelsCatalog.swift */; };
		80FD41650E34CD7245D7C1CD /* NavigationView.swift in Sources */ = {isa = PBXBuildFile; fileRef = EA047104B464861CD52728B0 /* NavigationView.swift */; };
		8406767B99D1301C2E94FA66 /* AppDelegate.swift in Sources */ = {isa = PBXBuildFile; fileRef = 12BED4BE81A703B6C8247960 /* AppDelegate.swift */; };
		898F88A68C6493A250272834 /* MigrationRunner.swift in Sources */ = {isa = PBXBuildFile; fileRef = 34420D2B5AFFA6A371142B99 /* MigrationRunner.swift */; };
		93DE127960855526860FD96A /* extract-action-items.twf.json in Resources */ = {isa = PBXBuildFile; fileRef = CA4B9D94B0F978D5309925A6 /* extract-action-items.twf.json */; };
		955AA6FB5FE5514000982093 /* cloud-transcribe.twf.json in Resources */ = {isa = PBXBuildFile; fileRef = CD8AD5FA2D0D562BB2F84A30 /* cloud-transcribe.twf.json */; };
		A07ED69ED8E7F9AE9BD61FEC /* WorkflowAction.swift in Sources */ = {isa = PBXBuildFile; fileRef = 7F55812343FAF92F60D28E19 /* WorkflowAction.swift */; };
		A8C87460310157A80C6A3B4A /* MemoRowView.swift in Sources */ = {isa = PBXBuildFile; fileRef = 6919ADEAE61E04AD110C560F /* MemoRowView.swift */; };
		AB0837EDC45F95FA0433ED7F /* VoiceMemo+Transcripts.swift in Sources */ = {isa = PBXBuildFile; fileRef = 39E76EABC04C36ED6CFA9C7C /* VoiceMemo+Transcripts.swift */; };
		AD9ACA47747C810660970633 /* SpeechSynthesisService.swift in Sources */ = {isa = PBXBuildFile; fileRef = FB2CDF7374663B45B6384691 /* SpeechSynthesisService.swift */; };
		B5CE31CA5240CD5B11BFF2AC /* key-insights.twf.json in Resources */ = {isa = PBXBuildFile; fileRef = 9E0F9899953EBDB4D522B5A0 /* key-insights.twf.json */; };
		B93B60C64B35A0BB5C82BB98 /* WFKit in Frameworks */ = {isa = PBXBuildFile; productRef = F5624562F960D8515AA5C876 /* WFKit */; };
		BFD1ADA67CA16C1B41058BB9 /* WorkflowDefinition.swift in Sources */ = {isa = PBXBuildFile; fileRef = FB25A6F72F79A3FC99C29F68 /* WorkflowDefinition.swift */; };
		C34996CAF5EB3C4F21F1B559 /* Persistence.swift in Sources */ = {isa = PBXBuildFile; fileRef = 1A5E5501D5B93090C1EE4CFC /* Persistence.swift */; };
		C8AC5F54469969D0885BEA96 /* WalkieConversationView.swift in Sources */ = {isa = PBXBuildFile; fileRef = 6213552850FAF08AA5FDC60A /* WalkieConversationView.swift */; };
		CB1E8AFB85D7BF1074DA6826 /* SettingsView.swift in Sources */ = {isa = PBXBuildFile; fileRef = D422F2CF033DE6FEF9728A4A /* SettingsView.swift */; };
		CCEA181B3639779243F023AB /* TalkieWorkflowSchema.swift in Sources */ = {isa = PBXBuildFile; fileRef = C68AC51CE8196386D2E8D0F1 /* TalkieWorkflowSchema.swift */; };
		CE3E9EFEDFC1391AF65FAAE6 /* MLX in Frameworks */ = {isa = PBXBuildFile; productRef = 888B917F1D14A6981B3952DF /* MLX */; };
		D0EC6C1DC965D20E26780A84 /* GRDB in Frameworks */ = {isa = PBXBuildFile; productRef = 9CB6A32843C8E78377EA7EE1 /* GRDB */; };
		DC127CAD1DD1E7A01233F73F /* Migrations.swift in Sources */ = {isa = PBXBuildFile; fileRef = 83D371D27E319C07AB1A58C8 /* Migrations.swift */; };
		DE359F795C4D19D4CDEBAB6D /* AppleSpeechService.swift in Sources */ = {isa = PBXBuildFile; fileRef = B53D891503278DBB92738CDD /* AppleSpeechService.swift */; };
		DED75650BF9B89BF7DE94F06 /* MemoDetailView.swift in Sources */ = {isa = PBXBuildFile; fileRef = 8DE81C0FD66EBEFF8002D848 /* MemoDetailView.swift */; };
		DF90361B1D0677CA2E23E506 /* MLXLMCommon in Frameworks */ = {isa = PBXBuildFile; productRef = D0D2AC46F2B1EE67539FDB0B /* MLXLMCommon */; };
		E5BA2B0A277509D98F96EAFF /* LLMConfig.json in Resources */ = {isa = PBXBuildFile; fileRef = DD02F9C9A03134C89A5C512C /* LLMConfig.json */; };
		EB78C5211AC03DFA7FC145E9 /* TWF_GENERATION_PROMPT.md in Resources */ = {isa = PBXBuildFile; fileRef = 8096B29D23EF2CD09311D27F /* TWF_GENERATION_PROMPT.md */; };
		F485B558DA94C08601D8B04A /* tweet-summary.twf.json in Resources */ = {isa = PBXBuildFile; fileRef = B500D9D353669D1D25A9EB00 /* tweet-summary.twf.json */; };
		F5F06E5237A90BC70DCA3D04 /* GroqProvider.swift in Sources */ = {isa = PBXBuildFile; fileRef = E576665EAA2E96350EBB048A /* GroqProvider.swift */; };
		FA761A80D997E4963F5E7140 /* talkie.xcdatamodeld in Sources */ = {isa = PBXBuildFile; fileRef = 221F1F73B64929D9AA318F9E /* talkie.xcdatamodeld */; };
		FB97699E466E853A1388255B /* DebugToolbar.swift in Sources */ = {isa = PBXBuildFile; fileRef = AD714C8ACE7115ADD9AAED88 /* DebugToolbar.swift */; };
/* End PBXBuildFile section */

/* Begin PBXFileReference section */
		0264C9A45E89A4A6B8EC0B18 /* TalkieServices */ = {isa = PBXFileReference; lastKnownFileType = folder; name = TalkieServices; path = ../TalkieServices; sourceTree = SOURCE_ROOT; };
		1261E0CA3F029D9808EFFDB3 /* AutoRunProcessor.swift */ = {isa = PBXFileReference; lastKnownFileType = sourcecode.swift; path = AutoRunProcessor.swift; sourceTree = "<group>"; };
		12BED4BE81A703B6C8247960 /* AppDelegate.swift */ = {isa = PBXFileReference; lastKnownFileType = sourcecode.swift; path = AppDelegate.swift; sourceTree = "<group>"; };
		16995DFF4C857FB2F39D5A6D /* WorkflowExecutor.swift */ = {isa = PBXFileReference; lastKnownFileType = sourcecode.swift; path = WorkflowExecutor.swift; sourceTree = "<group>"; };
		18602355101D920865B48698 /* quick-summary.twf.json */ = {isa = PBXFileReference; lastKnownFileType = text.json; path = "quick-summary.twf.json"; sourceTree = "<group>"; };
		188CA5DE9A579392B40A7C29 /* ModelsContentView.swift */ = {isa = PBXFileReference; lastKnownFileType = sourcecode.swift; path = ModelsContentView.swift; sourceTree = "<group>"; };
		198FDE574456E9797D9A20F1 /* WhisperService.swift */ = {isa = PBXFileReference; lastKnownFileType = sourcecode.swift; path = WhisperService.swift; sourceTree = "<group>"; };
		1A5E5501D5B93090C1EE4CFC /* Persistence.swift */ = {isa = PBXFileReference; lastKnownFileType = sourcecode.swift; path = Persistence.swift; sourceTree = "<group>"; };
		1ADA028D69ADAFECFB2C122C /* MLXProvider.swift */ = {isa = PBXFileReference; lastKnownFileType = sourcecode.swift; path = MLXProvider.swift; sourceTree = "<group>"; };
		2BABB2A599587B53D1C8F8E6 /* Assets.xcassets */ = {isa = PBXFileReference; lastKnownFileType = folder.assetcatalog; path = Assets.xcassets; sourceTree = "<group>"; };
		2EF20435F0C48AA20A8413DD /* feature-ideation.twf.json */ = {isa = PBXFileReference; lastKnownFileType = text.json; path = "feature-ideation.twf.json"; sourceTree = "<group>"; };
		2F4634978608C7DEA3DBA3EE /* CloudKitSyncManager.swift */ = {isa = PBXFileReference; lastKnownFileType = sourcecode.swift; path = CloudKitSyncManager.swift; sourceTree = "<group>"; };
		32E77C462AC59A3F8EA0CB18 /* hey-talkie.twf.json */ = {isa = PBXFileReference; lastKnownFileType = text.json; path = "hey-talkie.twf.json"; sourceTree = "<group>"; };
		337E7F056BBF08EB955AC129 /* TWF_SPEC.md */ = {isa = PBXFileReference; lastKnownFileType = net.daringfireball.markdown; path = TWF_SPEC.md; sourceTree = "<group>"; };
		34420D2B5AFFA6A371142B99 /* MigrationRunner.swift */ = {isa = PBXFileReference; lastKnownFileType = sourcecode.swift; path = MigrationRunner.swift; sourceTree = "<group>"; };
		36E93046E4E6FE29C1208DB2 /* LLMProvider.swift */ = {isa = PBXFileReference; lastKnownFileType = sourcecode.swift; path = LLMProvider.swift; sourceTree = "<group>"; };
		39E76EABC04C36ED6CFA9C7C /* VoiceMemo+Transcripts.swift */ = {isa = PBXFileReference; lastKnownFileType = sourcecode.swift; path = "VoiceMemo+Transcripts.swift"; sourceTree = "<group>"; };
		537328BE311D38702C0AD174 /* brain-dump-processor.twf.json */ = {isa = PBXFileReference; lastKnownFileType = text.json; path = "brain-dump-processor.twf.json"; sourceTree = "<group>"; };
		6213552850FAF08AA5FDC60A /* WalkieConversationView.swift */ = {isa = PBXFileReference; lastKnownFileType = sourcecode.swift; path = WalkieConversationView.swift; sourceTree = "<group>"; };
		6919ADEAE61E04AD110C560F /* MemoRowView.swift */ = {isa = PBXFileReference; lastKnownFileType = sourcecode.swift; path = MemoRowView.swift; sourceTree = "<group>"; };
		6B228E4044C6AFC31BBDE3C6 /* Talkie.entitlements */ = {isa = PBXFileReference; lastKnownFileType = text.plist.entitlements; path = Talkie.entitlements; sourceTree = "<group>"; };
		7BA25E27FBB0EC7A13D1512A /* PendingActionsView.swift */ = {isa = PBXFileReference; lastKnownFileType = sourcecode.swift; path = PendingActionsView.swift; sourceTree = "<group>"; };
		7D622DF99A06064E75BE6360 /* WorkflowViews.swift */ = {isa = PBXFileReference; lastKnownFileType = sourcecode.swift; path = WorkflowViews.swift; sourceTree = "<group>"; };
		7F55812343FAF92F60D28E19 /* WorkflowAction.swift */ = {isa = PBXFileReference; lastKnownFileType = sourcecode.swift; path = WorkflowAction.swift; sourceTree = "<group>"; };
		8096B29D23EF2CD09311D27F /* TWF_GENERATION_PROMPT.md */ = {isa = PBXFileReference; lastKnownFileType = net.daringfireball.markdown; path = TWF_GENERATION_PROMPT.md; sourceTree = "<group>"; };
		81C02419279FD35CA12CE5F6 /* SystemConsoleView.swift */ = {isa = PBXFileReference; lastKnownFileType = sourcecode.swift; path = SystemConsoleView.swift; sourceTree = "<group>"; };
		83D371D27E319C07AB1A58C8 /* Migrations.swift */ = {isa = PBXFileReference; lastKnownFileType = sourcecode.swift; path = Migrations.swift; sourceTree = "<group>"; };
		85509A61AE01F31E48968E4C /* ParakeetService.swift */ = {isa = PBXFileReference; lastKnownFileType = sourcecode.swift; path = ParakeetService.swift; sourceTree = "<group>"; };
		85D2B6E936D5B7602394A757 /* hq-transcribe.twf.json */ = {isa = PBXFileReference; lastKnownFileType = text.json; path = "hq-transcribe.twf.json"; sourceTree = "<group>"; };
		86EFFC973E6F6EBCCBE542B2 /* SettingsManager.swift */ = {isa = PBXFileReference; lastKnownFileType = sourcecode.swift; path = SettingsManager.swift; sourceTree = "<group>"; };
		8DE81C0FD66EBEFF8002D848 /* MemoDetailView.swift */ = {isa = PBXFileReference; lastKnownFileType = sourcecode.swift; path = MemoDetailView.swift; sourceTree = "<group>"; };
		92173E2C177853E5ADD8A345 /* Talkie.app */ = {isa = PBXFileReference; explicitFileType = wrapper.application; includeInIndex = 0; path = Talkie.app; sourceTree = BUILT_PRODUCTS_DIR; };
		95658B54C871F5DB7FC1429E /* talkie.xcdatamodel */ = {isa = PBXFileReference; lastKnownFileType = wrapper.xcdatamodel; path = talkie.xcdatamodel; sourceTree = "<group>"; };
		96107EE13719761E10A69B43 /* TalkieApp.swift */ = {isa = PBXFileReference; lastKnownFileType = sourcecode.swift; path = TalkieApp.swift; sourceTree = "<group>"; };
		9A6788E8F5EBA42EEA129CAD /* TWFLoader.swift */ = {isa = PBXFileReference; lastKnownFileType = sourcecode.swift; path = TWFLoader.swift; sourceTree = "<group>"; };
		9E0BDB01AEF0D10E1DF33BF9 /* WalkieService.swift */ = {isa = PBXFileReference; lastKnownFileType = sourcecode.swift; path = WalkieService.swift; sourceTree = "<group>"; };
		9E0F9899953EBDB4D522B5A0 /* key-insights.twf.json */ = {isa = PBXFileReference; lastKnownFileType = text.json; path = "key-insights.twf.json"; sourceTree = "<group>"; };
		AD714C8ACE7115ADD9AAED88 /* DebugToolbar.swift */ = {isa = PBXFileReference; lastKnownFileType = sourcecode.swift; path = DebugToolbar.swift; sourceTree = "<group>"; };
		AE0AE67F41CAC40AB639773B /* PendingActionsManager.swift */ = {isa = PBXFileReference; lastKnownFileType = sourcecode.swift; path = PendingActionsManager.swift; sourceTree = "<group>"; };
		AF7DBC6AC45B5F36375DA880 /* AnthropicProvider.swift */ = {isa = PBXFileReference; lastKnownFileType = sourcecode.swift; path = AnthropicProvider.swift; sourceTree = "<group>"; };
		B500D9D353669D1D25A9EB00 /* tweet-summary.twf.json */ = {isa = PBXFileReference; lastKnownFileType = text.json; path = "tweet-summary.twf.json"; sourceTree = "<group>"; };
		B53D891503278DBB92738CDD /* AppleSpeechService.swift */ = {isa = PBXFileReference; lastKnownFileType = sourcecode.swift; path = AppleSpeechService.swift; sourceTree = "<group>"; };
		B98D56A7AE26D6931EB54118 /* OpenAIProvider.swift */ = {isa = PBXFileReference; lastKnownFileType = sourcecode.swift; path = OpenAIProvider.swift; sourceTree = "<group>"; };
		BC524B439568A21362CB48DF /* DesignSystem.swift */ = {isa = PBXFileReference; lastKnownFileType = sourcecode.swift; path = DesignSystem.swift; sourceTree = "<group>"; };
		C68AC51CE8196386D2E8D0F1 /* TalkieWorkflowSchema.swift */ = {isa = PBXFileReference; lastKnownFileType = sourcecode.swift; path = TalkieWorkflowSchema.swift; sourceTree = "<group>"; };
		C6DBC6B9A38340269E794917 /* learning-capture.twf.json */ = {isa = PBXFileReference; lastKnownFileType = text.json; path = "learning-capture.twf.json"; sourceTree = "<group>"; };
		CA4B9D94B0F978D5309925A6 /* extract-action-items.twf.json */ = {isa = PBXFileReference; lastKnownFileType = text.json; path = "extract-action-items.twf.json"; sourceTree = "<group>"; };
		CD8AD5FA2D0D562BB2F84A30 /* cloud-transcribe.twf.json */ = {isa = PBXFileReference; lastKnownFileType = text.json; path = "cloud-transcribe.twf.json"; sourceTree = "<group>"; };
		D422F2CF033DE6FEF9728A4A /* SettingsView.swift */ = {isa = PBXFileReference; lastKnownFileType = sourcecode.swift; path = SettingsView.swift; sourceTree = "<group>"; };
		D6B1BD9581941F161C4F64DA /* TranscriptFileManager.swift */ = {isa = PBXFileReference; lastKnownFileType = sourcecode.swift; path = TranscriptFileManager.swift; sourceTree = "<group>"; };
		D85A0837C13946E87E3AD880 /* TalkieWorkflowConverter.swift */ = {isa = PBXFileReference; lastKnownFileType = sourcecode.swift; path = TalkieWorkflowConverter.swift; sourceTree = "<group>"; };
		DA25EEF7DCAF45948F31E50F /* EngineClient.swift */ = {isa = PBXFileReference; lastKnownFileType = sourcecode.swift; path = EngineClient.swift; sourceTree = "<group>"; };
		DBC57A7E03EC8CAD3BA267D1 /* GeminiService.swift */ = {isa = PBXFileReference; lastKnownFileType = sourcecode.swift; path = GeminiService.swift; sourceTree = "<group>"; };
		DD02F9C9A03134C89A5C512C /* LLMConfig.json */ = {isa = PBXFileReference; lastKnownFileType = text.json; path = LLMConfig.json; sourceTree = "<group>"; };
		E576665EAA2E96350EBB048A /* GroqProvider.swift */ = {isa = PBXFileReference; lastKnownFileType = sourcecode.swift; path = GroqProvider.swift; sourceTree = "<group>"; };
		EA047104B464861CD52728B0 /* NavigationView.swift */ = {isa = PBXFileReference; lastKnownFileType = sourcecode.swift; path = NavigationView.swift; sourceTree = "<group>"; };
		EDF6CBE76775757D53F5AF8E /* WFKit */ = {isa = PBXFileReference; lastKnownFileType = folder; name = WFKit; path = ../../WFKit; sourceTree = SOURCE_ROOT; };
		F97B787DA81F0C4BA4A818D5 /* ModelsCatalog.swift */ = {isa = PBXFileReference; lastKnownFileType = sourcecode.swift; path = ModelsCatalog.swift; sourceTree = "<group>"; };
		FB25A6F72F79A3FC99C29F68 /* WorkflowDefinition.swift */ = {isa = PBXFileReference; lastKnownFileType = sourcecode.swift; path = WorkflowDefinition.swift; sourceTree = "<group>"; };
		FB2CDF7374663B45B6384691 /* SpeechSynthesisService.swift */ = {isa = PBXFileReference; lastKnownFileType = sourcecode.swift; path = SpeechSynthesisService.swift; sourceTree = "<group>"; };
/* End PBXFileReference section */

/* Begin PBXFrameworksBuildPhase section */
		7E24B069041EDB999AC50581 /* Frameworks */ = {
			isa = PBXFrameworksBuildPhase;
			buildActionMask = 2147483647;
			files = (
				67A5249D6D764042BF21594F /* WhisperKit in Frameworks */,
				5A8FB727E018EBC503E01329 /* FluidAudio in Frameworks */,
				D0EC6C1DC965D20E26780A84 /* GRDB in Frameworks */,
				2829621A6E4A01B27CF56E78 /* TalkieServices in Frameworks */,
				B93B60C64B35A0BB5C82BB98 /* WFKit in Frameworks */,
				CE3E9EFEDFC1391AF65FAAE6 /* MLX in Frameworks */,
				14939466210DE1AC6840F725 /* MLXLLM in Frameworks */,
				DF90361B1D0677CA2E23E506 /* MLXLMCommon in Frameworks */,
			);
			runOnlyForDeploymentPostprocessing = 0;
		};
/* End PBXFrameworksBuildPhase section */

/* Begin PBXGroup section */
		13D195D5F236957648E32FD9 /* Packages */ = {
			isa = PBXGroup;
			children = (
				0264C9A45E89A4A6B8EC0B18 /* TalkieServices */,
				EDF6CBE76775757D53F5AF8E /* WFKit */,
			);
			name = Packages;
			sourceTree = "<group>";
		};
		191CCB2B51C70D6EFB377C9F /* Migrations */ = {
			isa = PBXGroup;
			children = (
				34420D2B5AFFA6A371142B99 /* MigrationRunner.swift */,
				83D371D27E319C07AB1A58C8 /* Migrations.swift */,
			);
			path = Migrations;
			sourceTree = "<group>";
		};
		1984160F4CDC0703A74ABA82 /* Views */ = {
			isa = PBXGroup;
			children = (
				AD714C8ACE7115ADD9AAED88 /* DebugToolbar.swift */,
				8DE81C0FD66EBEFF8002D848 /* MemoDetailView.swift */,
				6919ADEAE61E04AD110C560F /* MemoRowView.swift */,
				188CA5DE9A579392B40A7C29 /* ModelsContentView.swift */,
				EA047104B464861CD52728B0 /* NavigationView.swift */,
				7BA25E27FBB0EC7A13D1512A /* PendingActionsView.swift */,
				D422F2CF033DE6FEF9728A4A /* SettingsView.swift */,
				81C02419279FD35CA12CE5F6 /* SystemConsoleView.swift */,
				6213552850FAF08AA5FDC60A /* WalkieConversationView.swift */,
			);
			path = Views;
			sourceTree = "<group>";
		};
		28D24438172D1EDE9F6C188D /* LLM */ = {
			isa = PBXGroup;
			children = (
				AF7DBC6AC45B5F36375DA880 /* AnthropicProvider.swift */,
				DBC57A7E03EC8CAD3BA267D1 /* GeminiService.swift */,
				E576665EAA2E96350EBB048A /* GroqProvider.swift */,
				36E93046E4E6FE29C1208DB2 /* LLMProvider.swift */,
				1ADA028D69ADAFECFB2C122C /* MLXProvider.swift */,
				B98D56A7AE26D6931EB54118 /* OpenAIProvider.swift */,
			);
			path = LLM;
			sourceTree = "<group>";
		};
		3C6A910C9E66A64213122BE1 /* App */ = {
			isa = PBXGroup;
			children = (
				12BED4BE81A703B6C8247960 /* AppDelegate.swift */,
				96107EE13719761E10A69B43 /* TalkieApp.swift */,
			);
			path = App;
			sourceTree = "<group>";
		};
		6567D7B64FADBC03115A6088 /* Models */ = {
			isa = PBXGroup;
			children = (
				1A5E5501D5B93090C1EE4CFC /* Persistence.swift */,
				221F1F73B64929D9AA318F9E /* talkie.xcdatamodeld */,
				39E76EABC04C36ED6CFA9C7C /* VoiceMemo+Transcripts.swift */,
			);
			path = Models;
			sourceTree = "<group>";
		};
		6B1BD9F1258C9847A6B79B56 /* Services */ = {
			isa = PBXGroup;
			children = (
				B53D891503278DBB92738CDD /* AppleSpeechService.swift */,
				2F4634978608C7DEA3DBA3EE /* CloudKitSyncManager.swift */,
				BC524B439568A21362CB48DF /* DesignSystem.swift */,
				DA25EEF7DCAF45948F31E50F /* EngineClient.swift */,
				F97B787DA81F0C4BA4A818D5 /* ModelsCatalog.swift */,
				85509A61AE01F31E48968E4C /* ParakeetService.swift */,
				AE0AE67F41CAC40AB639773B /* PendingActionsManager.swift */,
				86EFFC973E6F6EBCCBE542B2 /* SettingsManager.swift */,
				FB2CDF7374663B45B6384691 /* SpeechSynthesisService.swift */,
				D6B1BD9581941F161C4F64DA /* TranscriptFileManager.swift */,
				9E0BDB01AEF0D10E1DF33BF9 /* WalkieService.swift */,
				198FDE574456E9797D9A20F1 /* WhisperService.swift */,
				28D24438172D1EDE9F6C188D /* LLM */,
				191CCB2B51C70D6EFB377C9F /* Migrations */,
			);
			path = Services;
			sourceTree = "<group>";
		};
		98935667561CFB5FAEC9D733 /* Resources */ = {
			isa = PBXGroup;
			children = (
				DD02F9C9A03134C89A5C512C /* LLMConfig.json */,
				DAFC0CD462EB390A7E38C2A6 /* StarterWorkflows */,
			);
			path = Resources;
			sourceTree = "<group>";
		};
		BBEF53A431CD4D10F1B0ABF4 = {
			isa = PBXGroup;
			children = (
				13D195D5F236957648E32FD9 /* Packages */,
				C706A4014175EC99A868519B /* Talkie */,
				EC3EE94DAAE074F1D0B4D2E1 /* Products */,
			);
			sourceTree = "<group>";
		};
		BCE703377263E0FF67BFB409 /* Workflow */ = {
			isa = PBXGroup;
			children = (
				1261E0CA3F029D9808EFFDB3 /* AutoRunProcessor.swift */,
				D85A0837C13946E87E3AD880 /* TalkieWorkflowConverter.swift */,
				C68AC51CE8196386D2E8D0F1 /* TalkieWorkflowSchema.swift */,
				9A6788E8F5EBA42EEA129CAD /* TWFLoader.swift */,
				7F55812343FAF92F60D28E19 /* WorkflowAction.swift */,
				FB25A6F72F79A3FC99C29F68 /* WorkflowDefinition.swift */,
				16995DFF4C857FB2F39D5A6D /* WorkflowExecutor.swift */,
				7D622DF99A06064E75BE6360 /* WorkflowViews.swift */,
			);
			path = Workflow;
			sourceTree = "<group>";
		};
		C706A4014175EC99A868519B /* Talkie */ = {
			isa = PBXGroup;
			children = (
				2BABB2A599587B53D1C8F8E6 /* Assets.xcassets */,
				6B228E4044C6AFC31BBDE3C6 /* Talkie.entitlements */,
				3C6A910C9E66A64213122BE1 /* App */,
				6567D7B64FADBC03115A6088 /* Models */,
				98935667561CFB5FAEC9D733 /* Resources */,
				6B1BD9F1258C9847A6B79B56 /* Services */,
				1984160F4CDC0703A74ABA82 /* Views */,
				BCE703377263E0FF67BFB409 /* Workflow */,
			);
			path = Talkie;
			sourceTree = "<group>";
		};
		DAFC0CD462EB390A7E38C2A6 /* StarterWorkflows */ = {
			isa = PBXGroup;
			children = (
				537328BE311D38702C0AD174 /* brain-dump-processor.twf.json */,
				CD8AD5FA2D0D562BB2F84A30 /* cloud-transcribe.twf.json */,
				CA4B9D94B0F978D5309925A6 /* extract-action-items.twf.json */,
				2EF20435F0C48AA20A8413DD /* feature-ideation.twf.json */,
				32E77C462AC59A3F8EA0CB18 /* hey-talkie.twf.json */,
				85D2B6E936D5B7602394A757 /* hq-transcribe.twf.json */,
				9E0F9899953EBDB4D522B5A0 /* key-insights.twf.json */,
				C6DBC6B9A38340269E794917 /* learning-capture.twf.json */,
				18602355101D920865B48698 /* quick-summary.twf.json */,
				B500D9D353669D1D25A9EB00 /* tweet-summary.twf.json */,
				8096B29D23EF2CD09311D27F /* TWF_GENERATION_PROMPT.md */,
				337E7F056BBF08EB955AC129 /* TWF_SPEC.md */,
			);
			path = StarterWorkflows;
			sourceTree = "<group>";
		};
		EC3EE94DAAE074F1D0B4D2E1 /* Products */ = {
			isa = PBXGroup;
			children = (
				92173E2C177853E5ADD8A345 /* Talkie.app */,
			);
			name = Products;
			sourceTree = "<group>";
		};
/* End PBXGroup section */

/* Begin PBXNativeTarget section */
		1EB6D14809D2E04C6D77B8BC /* Talkie */ = {
			isa = PBXNativeTarget;
			buildConfigurationList = 5B858D37600594C5F58FDB22 /* Build configuration list for PBXNativeTarget "Talkie" */;
			buildPhases = (
				EA194AA771EAE7B4558378F9 /* Sources */,
				50E43F8F207F190E1D0EBDAD /* Resources */,
				7E24B069041EDB999AC50581 /* Frameworks */,
			);
			buildRules = (
			);
			dependencies = (
			);
			name = Talkie;
			packageProductDependencies = (
				5B04794D0A69D5A12F9DBAD8 /* WhisperKit */,
				E488AD1F887CCD0880A88457 /* FluidAudio */,
				9CB6A32843C8E78377EA7EE1 /* GRDB */,
				C1A08C4EEECEFCE745BDE5CF /* TalkieServices */,
				F5624562F960D8515AA5C876 /* WFKit */,
				888B917F1D14A6981B3952DF /* MLX */,
				A513D039239E420AEF986661 /* MLXLLM */,
				D0D2AC46F2B1EE67539FDB0B /* MLXLMCommon */,
			);
			productName = Talkie;
			productReference = 92173E2C177853E5ADD8A345 /* Talkie.app */;
			productType = "com.apple.product-type.application";
		};
/* End PBXNativeTarget section */

/* Begin PBXProject section */
		1DA5ACDD0A68FC39CAEAE97F /* Project object */ = {
			isa = PBXProject;
			attributes = {
				BuildIndependentTargetsInParallel = YES;
				LastUpgradeCheck = 1430;
				TargetAttributes = {
					1EB6D14809D2E04C6D77B8BC = {
						DevelopmentTeam = 2U83JFPW66;
						ProvisioningStyle = Automatic;
					};
				};
			};
			buildConfigurationList = 585B82EC452E00A8B77B93CB /* Build configuration list for PBXProject "Talkie" */;
			compatibilityVersion = "Xcode 14.0";
			developmentRegion = en;
			hasScannedForEncodings = 0;
			knownRegions = (
				Base,
				en,
			);
			mainGroup = BBEF53A431CD4D10F1B0ABF4;
			minimizedProjectReferenceProxies = 1;
			packageReferences = (
				4C77F332EB0FCCF18342C18A /* XCRemoteSwiftPackageReference "FluidAudio" */,
				8E2FBDF079FA33ECCBBEBD40 /* XCRemoteSwiftPackageReference "GRDB.swift" */,
				BCE390D3AA5FF1FD76E10A40 /* XCRemoteSwiftPackageReference "WhisperKit" */,
				1A8749A28BBB7162D19B3B41 /* XCRemoteSwiftPackageReference "mlx-swift" */,
				D66F1C7CF2D97B28C1F5CC88 /* XCRemoteSwiftPackageReference "mlx-swift-lm" */,
				1C093C934C3334B67CC36BFF /* XCLocalSwiftPackageReference "../TalkieServices" */,
				05193DEAEA1A4AFDF888739F /* XCLocalSwiftPackageReference "../../WFKit" */,
			);
			preferredProjectObjectVersion = 77;
			projectDirPath = "";
			projectRoot = "";
			targets = (
				1EB6D14809D2E04C6D77B8BC /* Talkie */,
			);
		};
/* End PBXProject section */

/* Begin PBXResourcesBuildPhase section */
		50E43F8F207F190E1D0EBDAD /* Resources */ = {
			isa = PBXResourcesBuildPhase;
			buildActionMask = 2147483647;
			files = (
				30586490648C90923277B31B /* Assets.xcassets in Resources */,
				E5BA2B0A277509D98F96EAFF /* LLMConfig.json in Resources */,
				EB78C5211AC03DFA7FC145E9 /* TWF_GENERATION_PROMPT.md in Resources */,
				4A66769A52FA413D5F3C3658 /* TWF_SPEC.md in Resources */,
				293E1D2532200F54DD168E91 /* brain-dump-processor.twf.json in Resources */,
				955AA6FB5FE5514000982093 /* cloud-transcribe.twf.json in Resources */,
				93DE127960855526860FD96A /* extract-action-items.twf.json in Resources */,
				2EF0B05E2C3D7945DB5F12A3 /* feature-ideation.twf.json in Resources */,
				62632BF51E9D4888AF3DBE0C /* hey-talkie.twf.json in Resources */,
				273D07BEFF7489090C523780 /* hq-transcribe.twf.json in Resources */,
				B5CE31CA5240CD5B11BFF2AC /* key-insights.twf.json in Resources */,
				620A624A4D613066B2D420DA /* learning-capture.twf.json in Resources */,
				368674694956677B950FE79D /* quick-summary.twf.json in Resources */,
				F485B558DA94C08601D8B04A /* tweet-summary.twf.json in Resources */,
			);
			runOnlyForDeploymentPostprocessing = 0;
		};
/* End PBXResourcesBuildPhase section */

/* Begin PBXSourcesBuildPhase section */
		EA194AA771EAE7B4558378F9 /* Sources */ = {
			isa = PBXSourcesBuildPhase;
			buildActionMask = 2147483647;
			files = (
				5C8D73C95973BEDB0418F46A /* AnthropicProvider.swift in Sources */,
				8406767B99D1301C2E94FA66 /* AppDelegate.swift in Sources */,
				DE359F795C4D19D4CDEBAB6D /* AppleSpeechService.swift in Sources */,
				100E3F070BEF09EFE555049E /* AutoRunProcessor.swift in Sources */,
				4571BA9327CBE2BA860C1B34 /* CloudKitSyncManager.swift in Sources */,
				FB97699E466E853A1388255B /* DebugToolbar.swift in Sources */,
				2EB05079BF5431E3929466D9 /* DesignSystem.swift in Sources */,
				21E4974954826B0A73D359EE /* EngineClient.swift in Sources */,
				4C81B1B6F7050791F5B8BC2C /* GeminiService.swift in Sources */,
				F5F06E5237A90BC70DCA3D04 /* GroqProvider.swift in Sources */,
				616C1BAAF1AA835E650A9FE0 /* LLMProvider.swift in Sources */,
				5A5438F817916C90E382D61D /* MLXProvider.swift in Sources */,
				DED75650BF9B89BF7DE94F06 /* MemoDetailView.swift in Sources */,
				A8C87460310157A80C6A3B4A /* MemoRowView.swift in Sources */,
				898F88A68C6493A250272834 /* MigrationRunner.swift in Sources */,
				DC127CAD1DD1E7A01233F73F /* Migrations.swift in Sources */,
				7624A647A75D53ED60919D8B /* ModelsCatalog.swift in Sources */,
				08DE6F8EECE2C98D49F6D7B7 /* ModelsContentView.swift in Sources */,
				80FD41650E34CD7245D7C1CD /* NavigationView.swift in Sources */,
				6EAEE8C2BDB5B9031E6830FA /* OpenAIProvider.swift in Sources */,
				208E1A963A41AF33792BD48E /* ParakeetService.swift in Sources */,
				65A5DE881EB489B936221491 /* PendingActionsManager.swift in Sources */,
				1FB8A62551054F19EC17F9CC /* PendingActionsView.swift in Sources */,
				C34996CAF5EB3C4F21F1B559 /* Persistence.swift in Sources */,
				107202AA66E5A24B8044CDCB /* SettingsManager.swift in Sources */,
				CB1E8AFB85D7BF1074DA6826 /* SettingsView.swift in Sources */,
				AD9ACA47747C810660970633 /* SpeechSynthesisService.swift in Sources */,
				28170AE6DFC88814B05E789D /* SystemConsoleView.swift in Sources */,
				531A62F8ED4DB4696FA158E4 /* TWFLoader.swift in Sources */,
				123C74675657E6A0A85C29EA /* TalkieApp.swift in Sources */,
				68ABD296200A0268C0DA4BCE /* TalkieWorkflowConverter.swift in Sources */,
				CCEA181B3639779243F023AB /* TalkieWorkflowSchema.swift in Sources */,
				38DA1055B96FC547385A5C18 /* TranscriptFileManager.swift in Sources */,
				AB0837EDC45F95FA0433ED7F /* VoiceMemo+Transcripts.swift in Sources */,
				C8AC5F54469969D0885BEA96 /* WalkieConversationView.swift in Sources */,
				18BFC22AA188484D69066855 /* WalkieService.swift in Sources */,
				0D7372BC72E13D835DDF9183 /* WhisperService.swift in Sources */,
				A07ED69ED8E7F9AE9BD61FEC /* WorkflowAction.swift in Sources */,
				BFD1ADA67CA16C1B41058BB9 /* WorkflowDefinition.swift in Sources */,
				14A7C2FC561959C8A828FDDC /* WorkflowExecutor.swift in Sources */,
				694FB95D3C8FBDE6C5468854 /* WorkflowViews.swift in Sources */,
				FA761A80D997E4963F5E7140 /* talkie.xcdatamodeld in Sources */,
			);
			runOnlyForDeploymentPostprocessing = 0;
		};
/* End PBXSourcesBuildPhase section */

/* Begin XCBuildConfiguration section */
		2FF144DA7AD84F12E3A3078D /* Debug */ = {
			isa = XCBuildConfiguration;
			buildSettings = {
				ALWAYS_SEARCH_USER_PATHS = NO;
				CLANG_ANALYZER_NONNULL = YES;
				CLANG_ANALYZER_NUMBER_OBJECT_CONVERSION = YES_AGGRESSIVE;
				CLANG_CXX_LANGUAGE_STANDARD = "gnu++14";
				CLANG_CXX_LIBRARY = "libc++";
				CLANG_ENABLE_MODULES = YES;
				CLANG_ENABLE_OBJC_ARC = YES;
				CLANG_ENABLE_OBJC_WEAK = YES;
				CLANG_WARN_BLOCK_CAPTURE_AUTORELEASING = YES;
				CLANG_WARN_BOOL_CONVERSION = YES;
				CLANG_WARN_COMMA = YES;
				CLANG_WARN_CONSTANT_CONVERSION = YES;
				CLANG_WARN_DEPRECATED_OBJC_IMPLEMENTATIONS = YES;
				CLANG_WARN_DIRECT_OBJC_ISA_USAGE = YES_ERROR;
				CLANG_WARN_DOCUMENTATION_COMMENTS = YES;
				CLANG_WARN_EMPTY_BODY = YES;
				CLANG_WARN_ENUM_CONVERSION = YES;
				CLANG_WARN_INFINITE_RECURSION = YES;
				CLANG_WARN_INT_CONVERSION = YES;
				CLANG_WARN_NON_LITERAL_NULL_CONVERSION = YES;
				CLANG_WARN_OBJC_IMPLICIT_RETAIN_SELF = YES;
				CLANG_WARN_OBJC_LITERAL_CONVERSION = YES;
				CLANG_WARN_OBJC_ROOT_CLASS = YES_ERROR;
				CLANG_WARN_QUOTED_INCLUDE_IN_FRAMEWORK_HEADER = YES;
				CLANG_WARN_RANGE_LOOP_ANALYSIS = YES;
				CLANG_WARN_STRICT_PROTOTYPES = YES;
				CLANG_WARN_SUSPICIOUS_MOVE = YES;
				CLANG_WARN_UNGUARDED_AVAILABILITY = YES_AGGRESSIVE;
				CLANG_WARN_UNREACHABLE_CODE = YES;
				CLANG_WARN__DUPLICATE_METHOD_MATCH = YES;
				CODE_SIGN_STYLE = Automatic;
				COPY_PHASE_STRIP = NO;
				DEBUG_INFORMATION_FORMAT = dwarf;
				DEVELOPMENT_TEAM = 2U83JFPW66;
				ENABLE_STRICT_OBJC_MSGSEND = YES;
				ENABLE_TESTABILITY = YES;
				GCC_C_LANGUAGE_STANDARD = gnu11;
				GCC_DYNAMIC_NO_PIC = NO;
				GCC_NO_COMMON_BLOCKS = YES;
				GCC_OPTIMIZATION_LEVEL = 0;
				GCC_PREPROCESSOR_DEFINITIONS = (
					"$(inherited)",
					"DEBUG=1",
				);
				GCC_WARN_64_TO_32_BIT_CONVERSION = YES;
				GCC_WARN_ABOUT_RETURN_TYPE = YES_ERROR;
				GCC_WARN_UNDECLARED_SELECTOR = YES;
				GCC_WARN_UNINITIALIZED_AUTOS = YES_AGGRESSIVE;
				GCC_WARN_UNUSED_FUNCTION = YES;
				GCC_WARN_UNUSED_VARIABLE = YES;
				MACOSX_DEPLOYMENT_TARGET = 14.0;
				MTL_ENABLE_DEBUG_INFO = INCLUDE_SOURCE;
				MTL_FAST_MATH = YES;
				ONLY_ACTIVE_ARCH = YES;
				PRODUCT_NAME = "$(TARGET_NAME)";
				SDKROOT = macosx;
				SWIFT_ACTIVE_COMPILATION_CONDITIONS = DEBUG;
				SWIFT_OPTIMIZATION_LEVEL = "-Onone";
				SWIFT_VERSION = 5.0;
			};
			name = Debug;
		};
		7AB8853241868424A718C541 /* Release */ = {
			isa = XCBuildConfiguration;
			buildSettings = {
				ASSETCATALOG_COMPILER_APPICON_NAME = AppIcon;
				CODE_SIGN_ENTITLEMENTS = Talkie/Talkie.entitlements;
				COMBINE_HIDPI_IMAGES = YES;
				CURRENT_PROJECT_VERSION = 1;
				GENERATE_INFOPLIST_FILE = YES;
				INFOPLIST_KEY_CFBundleDisplayName = Talkie;
				INFOPLIST_KEY_LSApplicationCategoryType = "public.app-category.productivity";
				INFOPLIST_KEY_NSAppleEventsUsageDescription = "Talkie needs to communicate with Notes, Reminders, and Calendar to save your voice memo content.";
				INFOPLIST_KEY_NSHumanReadableCopyright = "";
				LD_RUNPATH_SEARCH_PATHS = (
					"$(inherited)",
					"@executable_path/../Frameworks",
				);
				MARKETING_VERSION = 1.1.0;
				PRODUCT_BUNDLE_IDENTIFIER = jdi.talkie.core;
				SDKROOT = macosx;
			};
			name = Release;
		};
		85DD8245F46E2472FE2DCF47 /* Release */ = {
			isa = XCBuildConfiguration;
			buildSettings = {
				ALWAYS_SEARCH_USER_PATHS = NO;
				CLANG_ANALYZER_NONNULL = YES;
				CLANG_ANALYZER_NUMBER_OBJECT_CONVERSION = YES_AGGRESSIVE;
				CLANG_CXX_LANGUAGE_STANDARD = "gnu++14";
				CLANG_CXX_LIBRARY = "libc++";
				CLANG_ENABLE_MODULES = YES;
				CLANG_ENABLE_OBJC_ARC = YES;
				CLANG_ENABLE_OBJC_WEAK = YES;
				CLANG_WARN_BLOCK_CAPTURE_AUTORELEASING = YES;
				CLANG_WARN_BOOL_CONVERSION = YES;
				CLANG_WARN_COMMA = YES;
				CLANG_WARN_CONSTANT_CONVERSION = YES;
				CLANG_WARN_DEPRECATED_OBJC_IMPLEMENTATIONS = YES;
				CLANG_WARN_DIRECT_OBJC_ISA_USAGE = YES_ERROR;
				CLANG_WARN_DOCUMENTATION_COMMENTS = YES;
				CLANG_WARN_EMPTY_BODY = YES;
				CLANG_WARN_ENUM_CONVERSION = YES;
				CLANG_WARN_INFINITE_RECURSION = YES;
				CLANG_WARN_INT_CONVERSION = YES;
				CLANG_WARN_NON_LITERAL_NULL_CONVERSION = YES;
				CLANG_WARN_OBJC_IMPLICIT_RETAIN_SELF = YES;
				CLANG_WARN_OBJC_LITERAL_CONVERSION = YES;
				CLANG_WARN_OBJC_ROOT_CLASS = YES_ERROR;
				CLANG_WARN_QUOTED_INCLUDE_IN_FRAMEWORK_HEADER = YES;
				CLANG_WARN_RANGE_LOOP_ANALYSIS = YES;
				CLANG_WARN_STRICT_PROTOTYPES = YES;
				CLANG_WARN_SUSPICIOUS_MOVE = YES;
				CLANG_WARN_UNGUARDED_AVAILABILITY = YES_AGGRESSIVE;
				CLANG_WARN_UNREACHABLE_CODE = YES;
				CLANG_WARN__DUPLICATE_METHOD_MATCH = YES;
				CODE_SIGN_STYLE = Automatic;
				COPY_PHASE_STRIP = NO;
				DEBUG_INFORMATION_FORMAT = "dwarf-with-dsym";
				DEVELOPMENT_TEAM = 2U83JFPW66;
				ENABLE_NS_ASSERTIONS = NO;
				ENABLE_STRICT_OBJC_MSGSEND = YES;
				GCC_C_LANGUAGE_STANDARD = gnu11;
				GCC_NO_COMMON_BLOCKS = YES;
				GCC_WARN_64_TO_32_BIT_CONVERSION = YES;
				GCC_WARN_ABOUT_RETURN_TYPE = YES_ERROR;
				GCC_WARN_UNDECLARED_SELECTOR = YES;
				GCC_WARN_UNINITIALIZED_AUTOS = YES_AGGRESSIVE;
				GCC_WARN_UNUSED_FUNCTION = YES;
				GCC_WARN_UNUSED_VARIABLE = YES;
				MACOSX_DEPLOYMENT_TARGET = 14.0;
				MTL_ENABLE_DEBUG_INFO = NO;
				MTL_FAST_MATH = YES;
				PRODUCT_NAME = "$(TARGET_NAME)";
				SDKROOT = macosx;
				SWIFT_COMPILATION_MODE = wholemodule;
				SWIFT_OPTIMIZATION_LEVEL = "-O";
				SWIFT_VERSION = 5.0;
			};
			name = Release;
		};
		B34B41DB1BD03F89BC5E4A4D /* Debug */ = {
			isa = XCBuildConfiguration;
			buildSettings = {
				ASSETCATALOG_COMPILER_APPICON_NAME = AppIcon;
				CODE_SIGN_ENTITLEMENTS = Talkie/Talkie.entitlements;
				COMBINE_HIDPI_IMAGES = YES;
				CURRENT_PROJECT_VERSION = 1;
				GENERATE_INFOPLIST_FILE = YES;
				INFOPLIST_KEY_CFBundleDisplayName = Talkie;
				INFOPLIST_KEY_LSApplicationCategoryType = "public.app-category.productivity";
				INFOPLIST_KEY_NSAppleEventsUsageDescription = "Talkie needs to communicate with Notes, Reminders, and Calendar to save your voice memo content.";
				INFOPLIST_KEY_NSHumanReadableCopyright = "";
				LD_RUNPATH_SEARCH_PATHS = (
					"$(inherited)",
					"@executable_path/../Frameworks",
				);
				MARKETING_VERSION = 1.1.0;
				PRODUCT_BUNDLE_IDENTIFIER = jdi.talkie.core;
				SDKROOT = macosx;
			};
			name = Debug;
		};
/* End XCBuildConfiguration section */

/* Begin XCConfigurationList section */
		585B82EC452E00A8B77B93CB /* Build configuration list for PBXProject "Talkie" */ = {
			isa = XCConfigurationList;
			buildConfigurations = (
				2FF144DA7AD84F12E3A3078D /* Debug */,
				85DD8245F46E2472FE2DCF47 /* Release */,
			);
			defaultConfigurationIsVisible = 0;
			defaultConfigurationName = Debug;
		};
		5B858D37600594C5F58FDB22 /* Build configuration list for PBXNativeTarget "Talkie" */ = {
			isa = XCConfigurationList;
			buildConfigurations = (
				B34B41DB1BD03F89BC5E4A4D /* Debug */,
				7AB8853241868424A718C541 /* Release */,
			);
			defaultConfigurationIsVisible = 0;
			defaultConfigurationName = Debug;
		};
/* End XCConfigurationList section */

/* Begin XCLocalSwiftPackageReference section */
		05193DEAEA1A4AFDF888739F /* XCLocalSwiftPackageReference "../../WFKit" */ = {
			isa = XCLocalSwiftPackageReference;
			relativePath = ../../WFKit;
		};
		1C093C934C3334B67CC36BFF /* XCLocalSwiftPackageReference "../TalkieServices" */ = {
			isa = XCLocalSwiftPackageReference;
			relativePath = ../TalkieServices;
		};
/* End XCLocalSwiftPackageReference section */

/* Begin XCRemoteSwiftPackageReference section */
		1A8749A28BBB7162D19B3B41 /* XCRemoteSwiftPackageReference "mlx-swift" */ = {
			isa = XCRemoteSwiftPackageReference;
			repositoryURL = "https://github.com/ml-explore/mlx-swift.git";
			requirement = {
				kind = exactVersion;
				version = 0.29.1;
			};
		};
		4C77F332EB0FCCF18342C18A /* XCRemoteSwiftPackageReference "FluidAudio" */ = {
			isa = XCRemoteSwiftPackageReference;
			repositoryURL = "https://github.com/FluidInference/FluidAudio.git";
			requirement = {
				kind = exactVersion;
				version = 0.7.11;
			};
		};
		8E2FBDF079FA33ECCBBEBD40 /* XCRemoteSwiftPackageReference "GRDB.swift" */ = {
			isa = XCRemoteSwiftPackageReference;
			repositoryURL = "https://github.com/groue/GRDB.swift.git";
			requirement = {
				kind = exactVersion;
				version = 7.8.0;
			};
		};
		BCE390D3AA5FF1FD76E10A40 /* XCRemoteSwiftPackageReference "WhisperKit" */ = {
			isa = XCRemoteSwiftPackageReference;
			repositoryURL = "https://github.com/argmaxinc/WhisperKit.git";
			requirement = {
				kind = exactVersion;
				version = 0.15.0;
			};
		};
		D66F1C7CF2D97B28C1F5CC88 /* XCRemoteSwiftPackageReference "mlx-swift-lm" */ = {
			isa = XCRemoteSwiftPackageReference;
			repositoryURL = "https://github.com/ml-explore/mlx-swift-lm.git";
			requirement = {
				kind = exactVersion;
				version = 2.29.2;
			};
		};
/* End XCRemoteSwiftPackageReference section */

/* Begin XCSwiftPackageProductDependency section */
		5B04794D0A69D5A12F9DBAD8 /* WhisperKit */ = {
			isa = XCSwiftPackageProductDependency;
			package = BCE390D3AA5FF1FD76E10A40 /* XCRemoteSwiftPackageReference "WhisperKit" */;
			productName = WhisperKit;
		};
		888B917F1D14A6981B3952DF /* MLX */ = {
			isa = XCSwiftPackageProductDependency;
			package = 1A8749A28BBB7162D19B3B41 /* XCRemoteSwiftPackageReference "mlx-swift" */;
			productName = MLX;
		};
		9CB6A32843C8E78377EA7EE1 /* GRDB */ = {
			isa = XCSwiftPackageProductDependency;
			package = 8E2FBDF079FA33ECCBBEBD40 /* XCRemoteSwiftPackageReference "GRDB.swift" */;
			productName = GRDB;
		};
		A513D039239E420AEF986661 /* MLXLLM */ = {
			isa = XCSwiftPackageProductDependency;
			package = D66F1C7CF2D97B28C1F5CC88 /* XCRemoteSwiftPackageReference "mlx-swift-lm" */;
			productName = MLXLLM;
		};
		C1A08C4EEECEFCE745BDE5CF /* TalkieServices */ = {
			isa = XCSwiftPackageProductDependency;
			productName = TalkieServices;
		};
		D0D2AC46F2B1EE67539FDB0B /* MLXLMCommon */ = {
			isa = XCSwiftPackageProductDependency;
			package = D66F1C7CF2D97B28C1F5CC88 /* XCRemoteSwiftPackageReference "mlx-swift-lm" */;
			productName = MLXLMCommon;
		};
		E488AD1F887CCD0880A88457 /* FluidAudio */ = {
			isa = XCSwiftPackageProductDependency;
			package = 4C77F332EB0FCCF18342C18A /* XCRemoteSwiftPackageReference "FluidAudio" */;
			productName = FluidAudio;
		};
		F5624562F960D8515AA5C876 /* WFKit */ = {
			isa = XCSwiftPackageProductDependency;
			productName = WFKit;
		};
/* End XCSwiftPackageProductDependency section */

/* Begin XCVersionGroup section */
		221F1F73B64929D9AA318F9E /* talkie.xcdatamodeld */ = {
			isa = XCVersionGroup;
			children = (
				95658B54C871F5DB7FC1429E /* talkie.xcdatamodel */,
			);
			currentVersion = 95658B54C871F5DB7FC1429E /* talkie.xcdatamodel */;
			path = talkie.xcdatamodeld;
			sourceTree = "<group>";
			versionGroupType = wrapper.xcdatamodel;
		};
/* End XCVersionGroup section */
	};
	rootObject = 1DA5ACDD0A68FC39CAEAE97F /* Project object */;
}
